<?xml version="1.0" encoding="utf-8"?>
<Project ToolsVersion="4.0" xmlns="http://schemas.microsoft.com/developer/msbuild/2003">
  <ItemGroup>
    <Filter Include="Headers">
      <UniqueIdentifier>{20ca9fe3-f082-4099-86b4-32458fdca9f0}</UniqueIdentifier>
    </Filter>
    <Filter Include="Source">
      <UniqueIdentifier>{69a5a7a8-bcbd-4bba-ba97-832fba2d8265}</UniqueIdentifier>
    </Filter>
  </ItemGroup>
  <ItemGroup>
    <ClInclude Include="file-conv.h">
      <Filter>Headers</Filter>
    </ClInclude>
    <ClInclude Include="interpret.hpp">
      <Filter>Headers</Filter>
    </ClInclude>
    <ClInclude Include="Value.h">
      <Filter>Headers</Filter>
    </ClInclude>
  </ItemGroup>
  <ItemGroup>
    <ClCompile Include="main.cpp">
      <Filter>Source</Filter>
    </ClCompile>
  </ItemGroup>
</Project>